
Microsoft Visual Studio Solution File, Format Version 12.00
# Visual Studio 15
VisualStudioVersion = 15.0.28010.2041
MinimumVisualStudioVersion = 10.0.40219.1
Project("{FAE04EC0-301F-11D3-BF4B-00C04F79EFBC}") = "4thDigit", "4thDigit\4thDigit.csproj", "{CD261415-7DD8-42CC-89A3-93084B44986B}"
EndProject
Project("{FAE04EC0-301F-11D3-BF4B-00C04F79EFBC}") = "TravelingToSunWithSoundSpeed", "TravelingToSunWithSoundSpeed\TravelingToSunWithSoundSpeed.csproj", "{AD6F3DCF-3FEC-4F24-8DCD-1BDD89251F19}"
EndProject
Project("{FAE04EC0-301F-11D3-BF4B-00C04F79EFBC}") = "CalculateWeightInTheSolarSystem", "CalculateWeightInTheSolarSystem\CalculateWeightInTheSolarSystem.csproj", "{C3892980-FF83-4245-A024-877902BB81CC}"
EndProject
Project("{FAE04EC0-301F-11D3-BF4B-00C04F79EFBC}") = "DecartCoordinates", "DecartCoordinates\DecartCoordinates.csproj", "{C6F51205-14E3-4247-B489-60434D3D892D}"
EndProject
Global
	GlobalSection(SolutionConfigurationPlatforms) = preSolution
		Debug|Any CPU = Debug|Any CPU
		Release|Any CPU = Release|Any CPU
	EndGlobalSection
	GlobalSection(ProjectConfigurationPlatforms) = postSolution
		{CD261415-7DD8-42CC-89A3-93084B44986B}.Debug|Any CPU.ActiveCfg = Debug|Any CPU
		{CD261415-7DD8-42CC-89A3-93084B44986B}.Debug|Any CPU.Build.0 = Debug|Any CPU
		{CD261415-7DD8-42CC-89A3-93084B44986B}.Release|Any CPU.ActiveCfg = Release|Any CPU
		{CD261415-7DD8-42CC-89A3-93084B44986B}.Release|Any CPU.Build.0 = Release|Any CPU
		{AD6F3DCF-3FEC-4F24-8DCD-1BDD89251F19}.Debug|Any CPU.ActiveCfg = Debug|Any CPU
		{AD6F3DCF-3FEC-4F24-8DCD-1BDD89251F19}.Debug|Any CPU.Build.0 = Debug|Any CPU
		{AD6F3DCF-3FEC-4F24-8DCD-1BDD89251F19}.Release|Any CPU.ActiveCfg = Release|Any CPU
		{AD6F3DCF-3FEC-4F24-8DCD-1BDD89251F19}.Release|Any CPU.Build.0 = Release|Any CPU
		{C3892980-FF83-4245-A024-877902BB81CC}.Debug|Any CPU.ActiveCfg = Debug|Any CPU
		{C3892980-FF83-4245-A024-877902BB81CC}.Debug|Any CPU.Build.0 = Debug|Any CPU
		{C3892980-FF83-4245-A024-877902BB81CC}.Release|Any CPU.ActiveCfg = Release|Any CPU
		{C3892980-FF83-4245-A024-877902BB81CC}.Release|Any CPU.Build.0 = Release|Any CPU
		{C6F51205-14E3-4247-B489-60434D3D892D}.Debug|Any CPU.ActiveCfg = Debug|Any CPU
		{C6F51205-14E3-4247-B489-60434D3D892D}.Debug|Any CPU.Build.0 = Debug|Any CPU
		{C6F51205-14E3-4247-B489-60434D3D892D}.Release|Any CPU.ActiveCfg = Release|Any CPU
		{C6F51205-14E3-4247-B489-60434D3D892D}.Release|Any CPU.Build.0 = Release|Any CPU
	EndGlobalSection
	GlobalSection(SolutionProperties) = preSolution
		HideSolutionNode = FALSE
	EndGlobalSection
	GlobalSection(ExtensibilityGlobals) = postSolution
		SolutionGuid = {D45323B0-96BE-47F7-9A00-295E732670C0}
	EndGlobalSection
EndGlobal
